// !$*UTF8*$!
{
	archiveVersion = 1;
	classes = {
	};
	objectVersion = 48;
	objects = {

/* Begin PBXBuildFile section */
		B7482D2C20CB9A9600EB637B /* AudioToolbox.framework in Frameworks */ = {isa = PBXBuildFile; fileRef = B7482D2B20CB9A9600EB637B /* AudioToolbox.framework */; };
		B7482D2E20CB9AAF00EB637B /* AudioUnit.framework in Frameworks */ = {isa = PBXBuildFile; fileRef = B7482D2D20CB9AAF00EB637B /* AudioUnit.framework */; };
		B7482D3020CB9ACD00EB637B /* CoreAudio.framework in Frameworks */ = {isa = PBXBuildFile; fileRef = B7482D2F20CB9ACD00EB637B /* CoreAudio.framework */; };
		B7482D4720CC53F000EB637B /* AppDelegate.swift in Sources */ = {isa = PBXBuildFile; fileRef = B7482D4620CC53F000EB637B /* AppDelegate.swift */; };
		B7482D4920CC53F000EB637B /* ViewController.swift in Sources */ = {isa = PBXBuildFile; fileRef = B7482D4820CC53F000EB637B /* ViewController.swift */; };
		B7482D4C20CC53F000EB637B /* Main.storyboard in Resources */ = {isa = PBXBuildFile; fileRef = B7482D4A20CC53F000EB637B /* Main.storyboard */; };
		B7482D4E20CC53F000EB637B /* Assets.xcassets in Resources */ = {isa = PBXBuildFile; fileRef = B7482D4D20CC53F000EB637B /* Assets.xcassets */; };
		B7482D5120CC53F000EB637B /* LaunchScreen.storyboard in Resources */ = {isa = PBXBuildFile; fileRef = B7482D4F20CC53F000EB637B /* LaunchScreen.storyboard */; };
		B7482D5C20CC57C700EB637B /* AudioToolbox.framework in Frameworks */ = {isa = PBXBuildFile; fileRef = B7482D5B20CC57C700EB637B /* AudioToolbox.framework */; };
		B7482D7F20D2150900EB637B /* oscillators.cpp in Sources */ = {isa = PBXBuildFile; fileRef = B7482D7220D2150900EB637B /* oscillators.cpp */; };
		B7482D8020D2150900EB637B /* oscillators.cpp in Sources */ = {isa = PBXBuildFile; fileRef = B7482D7220D2150900EB637B /* oscillators.cpp */; };
		B7482D8720D2150900EB637B /* synthie.cpp in Sources */ = {isa = PBXBuildFile; fileRef = B7482D7B20D2150900EB637B /* synthie.cpp */; };
		B7482D8820D2150900EB637B /* synthie.cpp in Sources */ = {isa = PBXBuildFile; fileRef = B7482D7B20D2150900EB637B /* synthie.cpp */; };
		B7482D8D20D2151B00EB637B /* SynthieHALUnit.cpp in Sources */ = {isa = PBXBuildFile; fileRef = B7482D8B20D2151B00EB637B /* SynthieHALUnit.cpp */; };
		B7482D8E20D2151B00EB637B /* SynthieHALUnit.cpp in Sources */ = {isa = PBXBuildFile; fileRef = B7482D8B20D2151B00EB637B /* SynthieHALUnit.cpp */; };
		B7482D9520D2156400EB637B /* AudioEngine.swift in Sources */ = {isa = PBXBuildFile; fileRef = B7482D9020D2156400EB637B /* AudioEngine.swift */; };
		B7482D9620D2156400EB637B /* AudioEngine.swift in Sources */ = {isa = PBXBuildFile; fileRef = B7482D9020D2156400EB637B /* AudioEngine.swift */; };
		B7482D9720D2156400EB637B /* AudioEngineObjC.mm in Sources */ = {isa = PBXBuildFile; fileRef = B7482D9220D2156400EB637B /* AudioEngineObjC.mm */; };
		B7482D9820D2156400EB637B /* AudioEngineObjC.mm in Sources */ = {isa = PBXBuildFile; fileRef = B7482D9220D2156400EB637B /* AudioEngineObjC.mm */; };
		B7482D9920D2156500EB637B /* AudioHAL.cpp in Sources */ = {isa = PBXBuildFile; fileRef = B7482D9320D2156400EB637B /* AudioHAL.cpp */; };
		B7482D9A20D2156500EB637B /* AudioHAL.cpp in Sources */ = {isa = PBXBuildFile; fileRef = B7482D9320D2156400EB637B /* AudioHAL.cpp */; };
		B7482DA620D21CBA00EB637B /* oscillators.cpp in Sources */ = {isa = PBXBuildFile; fileRef = B7482D7220D2150900EB637B /* oscillators.cpp */; };
		B7482DA720D21CBA00EB637B /* synthie.cpp in Sources */ = {isa = PBXBuildFile; fileRef = B7482D7B20D2150900EB637B /* synthie.cpp */; };
		B7482DA920D21D7500EB637B /* main.cpp in Sources */ = {isa = PBXBuildFile; fileRef = B7482DA820D21D7400EB637B /* main.cpp */; };
		B7482DB020D236D000EB637B /* synthesizer.cpp in Sources */ = {isa = PBXBuildFile; fileRef = B7482DAD20D236CF00EB637B /* synthesizer.cpp */; };
		B7482DB120D236D000EB637B /* synthesizer.cpp in Sources */ = {isa = PBXBuildFile; fileRef = B7482DAD20D236CF00EB637B /* synthesizer.cpp */; };
		B7482DB220D236D000EB637B /* songreader.cpp in Sources */ = {isa = PBXBuildFile; fileRef = B7482DAE20D236CF00EB637B /* songreader.cpp */; };
		B7482DB320D236D000EB637B /* songreader.cpp in Sources */ = {isa = PBXBuildFile; fileRef = B7482DAE20D236CF00EB637B /* songreader.cpp */; };
		B7482DB420D236D000EB637B /* instrument.cpp in Sources */ = {isa = PBXBuildFile; fileRef = B7482DAF20D236CF00EB637B /* instrument.cpp */; };
		B7482DB520D236D000EB637B /* instrument.cpp in Sources */ = {isa = PBXBuildFile; fileRef = B7482DAF20D236CF00EB637B /* instrument.cpp */; };
		B7482DB620D237A500EB637B /* instrument.cpp in Sources */ = {isa = PBXBuildFile; fileRef = B7482DAF20D236CF00EB637B /* instrument.cpp */; };
		B7482DB720D237A500EB637B /* songreader.cpp in Sources */ = {isa = PBXBuildFile; fileRef = B7482DAE20D236CF00EB637B /* songreader.cpp */; };
		B7482DB820D237A500EB637B /* synthesizer.cpp in Sources */ = {isa = PBXBuildFile; fileRef = B7482DAD20D236CF00EB637B /* synthesizer.cpp */; };
		B7482DBB20D248EA00EB637B /* envelope.cpp in Sources */ = {isa = PBXBuildFile; fileRef = B7482DBA20D248EA00EB637B /* envelope.cpp */; };
		B7482DBC20D248EA00EB637B /* envelope.cpp in Sources */ = {isa = PBXBuildFile; fileRef = B7482DBA20D248EA00EB637B /* envelope.cpp */; };
		B7482DBD20D248EA00EB637B /* envelope.cpp in Sources */ = {isa = PBXBuildFile; fileRef = B7482DBA20D248EA00EB637B /* envelope.cpp */; };
		B74F44E820C3BB3500E894D2 /* AppDelegate.swift in Sources */ = {isa = PBXBuildFile; fileRef = B74F44E720C3BB3500E894D2 /* AppDelegate.swift */; };
		B74F44EA20C3BB3500E894D2 /* ViewController.swift in Sources */ = {isa = PBXBuildFile; fileRef = B74F44E920C3BB3500E894D2 /* ViewController.swift */; };
		B74F44EC20C3BB3500E894D2 /* Assets.xcassets in Resources */ = {isa = PBXBuildFile; fileRef = B74F44EB20C3BB3500E894D2 /* Assets.xcassets */; };
		B74F44EF20C3BB3500E894D2 /* Main.storyboard in Resources */ = {isa = PBXBuildFile; fileRef = B74F44ED20C3BB3500E894D2 /* Main.storyboard */; };
/* End PBXBuildFile section */

/* Begin PBXCopyFilesBuildPhase section */
		B7482D9D20D21C8E00EB637B /* CopyFiles */ = {
			isa = PBXCopyFilesBuildPhase;
			buildActionMask = 2147483647;
			dstPath = /usr/share/man/man1/;
			dstSubfolderSpec = 0;
			files = (
			);
			runOnlyForDeploymentPostprocessing = 1;
		};
/* End PBXCopyFilesBuildPhase section */

/* Begin PBXFileReference section */
		B7482D2B20CB9A9600EB637B /* AudioToolbox.framework */ = {isa = PBXFileReference; lastKnownFileType = wrapper.framework; name = AudioToolbox.framework; path = System/Library/Frameworks/AudioToolbox.framework; sourceTree = SDKROOT; };
		B7482D2D20CB9AAF00EB637B /* AudioUnit.framework */ = {isa = PBXFileReference; lastKnownFileType = wrapper.framework; name = AudioUnit.framework; path = System/Library/Frameworks/AudioUnit.framework; sourceTree = SDKROOT; };
		B7482D2F20CB9ACD00EB637B /* CoreAudio.framework */ = {isa = PBXFileReference; lastKnownFileType = wrapper.framework; name = CoreAudio.framework; path = System/Library/Frameworks/CoreAudio.framework; sourceTree = SDKROOT; };
		B7482D4420CC53F000EB637B /* PocketSynthie.app */ = {isa = PBXFileReference; explicitFileType = wrapper.application; includeInIndex = 0; path = PocketSynthie.app; sourceTree = BUILT_PRODUCTS_DIR; };
		B7482D4620CC53F000EB637B /* AppDelegate.swift */ = {isa = PBXFileReference; lastKnownFileType = sourcecode.swift; path = AppDelegate.swift; sourceTree = "<group>"; };
		B7482D4820CC53F000EB637B /* ViewController.swift */ = {isa = PBXFileReference; lastKnownFileType = sourcecode.swift; path = ViewController.swift; sourceTree = "<group>"; };
		B7482D4B20CC53F000EB637B /* Base */ = {isa = PBXFileReference; lastKnownFileType = file.storyboard; name = Base; path = Base.lproj/Main.storyboard; sourceTree = "<group>"; };
		B7482D4D20CC53F000EB637B /* Assets.xcassets */ = {isa = PBXFileReference; lastKnownFileType = folder.assetcatalog; path = Assets.xcassets; sourceTree = "<group>"; };
		B7482D5020CC53F000EB637B /* Base */ = {isa = PBXFileReference; lastKnownFileType = file.storyboard; name = Base; path = Base.lproj/LaunchScreen.storyboard; sourceTree = "<group>"; };
		B7482D5220CC53F000EB637B /* Info.plist */ = {isa = PBXFileReference; lastKnownFileType = text.plist.xml; path = Info.plist; sourceTree = "<group>"; };
		B7482D5920CC57B200EB637B /* AudioUnit.framework */ = {isa = PBXFileReference; lastKnownFileType = wrapper.framework; name = AudioUnit.framework; path = Platforms/iPhoneOS.platform/Developer/SDKs/iPhoneOS11.2.sdk/System/Library/Frameworks/AudioUnit.framework; sourceTree = DEVELOPER_DIR; };
		B7482D5B20CC57C700EB637B /* AudioToolbox.framework */ = {isa = PBXFileReference; lastKnownFileType = wrapper.framework; name = AudioToolbox.framework; path = Platforms/iPhoneOS.platform/Developer/SDKs/iPhoneOS11.2.sdk/System/Library/Frameworks/AudioToolbox.framework; sourceTree = DEVELOPER_DIR; };
		B7482D7220D2150900EB637B /* oscillators.cpp */ = {isa = PBXFileReference; fileEncoding = 4; lastKnownFileType = sourcecode.cpp.cpp; path = oscillators.cpp; sourceTree = "<group>"; };
		B7482D7320D2150900EB637B /* oscillators.h */ = {isa = PBXFileReference; fileEncoding = 4; lastKnownFileType = sourcecode.c.h; path = oscillators.h; sourceTree = "<group>"; };
		B7482D7B20D2150900EB637B /* synthie.cpp */ = {isa = PBXFileReference; fileEncoding = 4; lastKnownFileType = sourcecode.cpp.cpp; path = synthie.cpp; sourceTree = "<group>"; };
		B7482D7C20D2150900EB637B /* synthie.h */ = {isa = PBXFileReference; fileEncoding = 4; lastKnownFileType = sourcecode.c.h; path = synthie.h; sourceTree = "<group>"; };
		B7482D8B20D2151B00EB637B /* SynthieHALUnit.cpp */ = {isa = PBXFileReference; fileEncoding = 4; lastKnownFileType = sourcecode.cpp.cpp; path = SynthieHALUnit.cpp; sourceTree = "<group>"; };
		B7482D8C20D2151B00EB637B /* SynthieHALUnit.hpp */ = {isa = PBXFileReference; fileEncoding = 4; lastKnownFileType = sourcecode.cpp.h; path = SynthieHALUnit.hpp; sourceTree = "<group>"; };
		B7482D9020D2156400EB637B /* AudioEngine.swift */ = {isa = PBXFileReference; fileEncoding = 4; lastKnownFileType = sourcecode.swift; path = AudioEngine.swift; sourceTree = "<group>"; };
		B7482D9120D2156400EB637B /* AudioEngineObjC.h */ = {isa = PBXFileReference; fileEncoding = 4; lastKnownFileType = sourcecode.c.h; path = AudioEngineObjC.h; sourceTree = "<group>"; };
		B7482D9220D2156400EB637B /* AudioEngineObjC.mm */ = {isa = PBXFileReference; fileEncoding = 4; lastKnownFileType = sourcecode.cpp.objcpp; path = AudioEngineObjC.mm; sourceTree = "<group>"; };
		B7482D9320D2156400EB637B /* AudioHAL.cpp */ = {isa = PBXFileReference; fileEncoding = 4; lastKnownFileType = sourcecode.cpp.cpp; path = AudioHAL.cpp; sourceTree = "<group>"; };
		B7482D9420D2156400EB637B /* AudioHAL.hpp */ = {isa = PBXFileReference; fileEncoding = 4; lastKnownFileType = sourcecode.cpp.h; path = AudioHAL.hpp; sourceTree = "<group>"; };
		B7482D9F20D21C8E00EB637B /* GeneratePcm */ = {isa = PBXFileReference; explicitFileType = "compiled.mach-o.executable"; includeInIndex = 0; path = GeneratePcm; sourceTree = BUILT_PRODUCTS_DIR; };
		B7482DA820D21D7400EB637B /* main.cpp */ = {isa = PBXFileReference; fileEncoding = 4; lastKnownFileType = sourcecode.cpp.cpp; name = main.cpp; path = ../../generate_pcm_file/main.cpp; sourceTree = "<group>"; };
		B7482DAA20D236CF00EB637B /* synthesizer.h */ = {isa = PBXFileReference; fileEncoding = 4; lastKnownFileType = sourcecode.c.h; path = synthesizer.h; sourceTree = "<group>"; };
		B7482DAB20D236CF00EB637B /* instrument.h */ = {isa = PBXFileReference; fileEncoding = 4; lastKnownFileType = sourcecode.c.h; path = instrument.h; sourceTree = "<group>"; };
		B7482DAC20D236CF00EB637B /* songreader.h */ = {isa = PBXFileReference; fileEncoding = 4; lastKnownFileType = sourcecode.c.h; path = songreader.h; sourceTree = "<group>"; };
		B7482DAD20D236CF00EB637B /* synthesizer.cpp */ = {isa = PBXFileReference; fileEncoding = 4; lastKnownFileType = sourcecode.cpp.cpp; path = synthesizer.cpp; sourceTree = "<group>"; };
		B7482DAE20D236CF00EB637B /* songreader.cpp */ = {isa = PBXFileReference; fileEncoding = 4; lastKnownFileType = sourcecode.cpp.cpp; path = songreader.cpp; sourceTree = "<group>"; };
		B7482DAF20D236CF00EB637B /* instrument.cpp */ = {isa = PBXFileReference; fileEncoding = 4; lastKnownFileType = sourcecode.cpp.cpp; path = instrument.cpp; sourceTree = "<group>"; };
		B7482DB920D248E900EB637B /* envelope.h */ = {isa = PBXFileReference; fileEncoding = 4; lastKnownFileType = sourcecode.c.h; path = envelope.h; sourceTree = "<group>"; };
		B7482DBA20D248EA00EB637B /* envelope.cpp */ = {isa = PBXFileReference; fileEncoding = 4; lastKnownFileType = sourcecode.cpp.cpp; path = envelope.cpp; sourceTree = "<group>"; };
		B74F44E420C3BB3500E894D2 /* Synthie.app */ = {isa = PBXFileReference; explicitFileType = wrapper.application; includeInIndex = 0; path = Synthie.app; sourceTree = BUILT_PRODUCTS_DIR; };
		B74F44E720C3BB3500E894D2 /* AppDelegate.swift */ = {isa = PBXFileReference; lastKnownFileType = sourcecode.swift; path = AppDelegate.swift; sourceTree = "<group>"; };
		B74F44E920C3BB3500E894D2 /* ViewController.swift */ = {isa = PBXFileReference; lastKnownFileType = sourcecode.swift; path = ViewController.swift; sourceTree = "<group>"; };
		B74F44EB20C3BB3500E894D2 /* Assets.xcassets */ = {isa = PBXFileReference; lastKnownFileType = folder.assetcatalog; path = Assets.xcassets; sourceTree = "<group>"; };
		B74F44EE20C3BB3500E894D2 /* Base */ = {isa = PBXFileReference; lastKnownFileType = file.storyboard; name = Base; path = Base.lproj/Main.storyboard; sourceTree = "<group>"; };
		B74F44F020C3BB3500E894D2 /* Info.plist */ = {isa = PBXFileReference; lastKnownFileType = text.plist.xml; path = Info.plist; sourceTree = "<group>"; };
		B74F44F120C3BB3500E894D2 /* Synthie.entitlements */ = {isa = PBXFileReference; lastKnownFileType = text.plist.entitlements; path = Synthie.entitlements; sourceTree = "<group>"; };
		B74F44FA20C3BC6700E894D2 /* Synthie-Bridging-Header.h */ = {isa = PBXFileReference; lastKnownFileType = sourcecode.c.h; path = "Synthie-Bridging-Header.h"; sourceTree = "<group>"; };
/* End PBXFileReference section */

/* Begin PBXFrameworksBuildPhase section */
		B7482D4120CC53F000EB637B /* Frameworks */ = {
			isa = PBXFrameworksBuildPhase;
			buildActionMask = 2147483647;
			files = (
				B7482D5C20CC57C700EB637B /* AudioToolbox.framework in Frameworks */,
			);
			runOnlyForDeploymentPostprocessing = 0;
		};
		B7482D9C20D21C8E00EB637B /* Frameworks */ = {
			isa = PBXFrameworksBuildPhase;
			buildActionMask = 2147483647;
			files = (
			);
			runOnlyForDeploymentPostprocessing = 0;
		};
		B74F44E120C3BB3500E894D2 /* Frameworks */ = {
			isa = PBXFrameworksBuildPhase;
			buildActionMask = 2147483647;
			files = (
				B7482D3020CB9ACD00EB637B /* CoreAudio.framework in Frameworks */,
				B7482D2E20CB9AAF00EB637B /* AudioUnit.framework in Frameworks */,
				B7482D2C20CB9A9600EB637B /* AudioToolbox.framework in Frameworks */,
			);
			runOnlyForDeploymentPostprocessing = 0;
		};
/* End PBXFrameworksBuildPhase section */

/* Begin PBXGroup section */
		B7482D2A20CB9A9600EB637B /* Frameworks */ = {
			isa = PBXGroup;
			children = (
				B7482D5B20CC57C700EB637B /* AudioToolbox.framework */,
				B7482D5920CC57B200EB637B /* AudioUnit.framework */,
				B7482D2F20CB9ACD00EB637B /* CoreAudio.framework */,
				B7482D2D20CB9AAF00EB637B /* AudioUnit.framework */,
				B7482D2B20CB9A9600EB637B /* AudioToolbox.framework */,
			);
			name = Frameworks;
			sourceTree = "<group>";
		};
		B7482D4520CC53F000EB637B /* PocketSynthie */ = {
			isa = PBXGroup;
			children = (
				B7482D4620CC53F000EB637B /* AppDelegate.swift */,
				B7482D4820CC53F000EB637B /* ViewController.swift */,
				B7482D4A20CC53F000EB637B /* Main.storyboard */,
				B7482D4D20CC53F000EB637B /* Assets.xcassets */,
				B7482D4F20CC53F000EB637B /* LaunchScreen.storyboard */,
				B7482D5220CC53F000EB637B /* Info.plist */,
			);
			path = PocketSynthie;
			sourceTree = "<group>";
		};
		B7482D7120D2150900EB637B /* src */ = {
			isa = PBXGroup;
			children = (
				B7482DBA20D248EA00EB637B /* envelope.cpp */,
				B7482DB920D248E900EB637B /* envelope.h */,
				B7482DAF20D236CF00EB637B /* instrument.cpp */,
				B7482DAB20D236CF00EB637B /* instrument.h */,
				B7482DAE20D236CF00EB637B /* songreader.cpp */,
				B7482DAC20D236CF00EB637B /* songreader.h */,
				B7482DAD20D236CF00EB637B /* synthesizer.cpp */,
				B7482DAA20D236CF00EB637B /* synthesizer.h */,
				B7482D7220D2150900EB637B /* oscillators.cpp */,
				B7482D7320D2150900EB637B /* oscillators.h */,
				B7482D7B20D2150900EB637B /* synthie.cpp */,
				B7482D7C20D2150900EB637B /* synthie.h */,
			);
			name = src;
			path = ../../src;
			sourceTree = "<group>";
		};
		B7482D8F20D2156400EB637B /* AudioEngine */ = {
			isa = PBXGroup;
			children = (
				B7482D9020D2156400EB637B /* AudioEngine.swift */,
				B7482D9120D2156400EB637B /* AudioEngineObjC.h */,
				B7482D9220D2156400EB637B /* AudioEngineObjC.mm */,
				B7482D9320D2156400EB637B /* AudioHAL.cpp */,
				B7482D9420D2156400EB637B /* AudioHAL.hpp */,
			);
			path = AudioEngine;
			sourceTree = "<group>";
		};
		B7482DA020D21C8E00EB637B /* GeneratePcm */ = {
			isa = PBXGroup;
			children = (
				B7482DA820D21D7400EB637B /* main.cpp */,
			);
			path = GeneratePcm;
			sourceTree = "<group>";
		};
		B74F44DB20C3BB3500E894D2 = {
			isa = PBXGroup;
			children = (
				B7482D7120D2150900EB637B /* src */,
				B74F44E620C3BB3500E894D2 /* Synthie */,
				B7482D4520CC53F000EB637B /* PocketSynthie */,
				B7482DA020D21C8E00EB637B /* GeneratePcm */,
				B74F44E520C3BB3500E894D2 /* Products */,
				B7482D2A20CB9A9600EB637B /* Frameworks */,
			);
			sourceTree = "<group>";
		};
		B74F44E520C3BB3500E894D2 /* Products */ = {
			isa = PBXGroup;
			children = (
				B74F44E420C3BB3500E894D2 /* Synthie.app */,
				B7482D4420CC53F000EB637B /* PocketSynthie.app */,
				B7482D9F20D21C8E00EB637B /* GeneratePcm */,
			);
			name = Products;
			sourceTree = "<group>";
		};
		B74F44E620C3BB3500E894D2 /* Synthie */ = {
			isa = PBXGroup;
			children = (
				B7482D8F20D2156400EB637B /* AudioEngine */,
				B7482D8B20D2151B00EB637B /* SynthieHALUnit.cpp */,
				B7482D8C20D2151B00EB637B /* SynthieHALUnit.hpp */,
				B74F44FA20C3BC6700E894D2 /* Synthie-Bridging-Header.h */,
				B74F44E720C3BB3500E894D2 /* AppDelegate.swift */,
				B74F44E920C3BB3500E894D2 /* ViewController.swift */,
				B74F44EB20C3BB3500E894D2 /* Assets.xcassets */,
				B74F44ED20C3BB3500E894D2 /* Main.storyboard */,
				B74F44F020C3BB3500E894D2 /* Info.plist */,
				B74F44F120C3BB3500E894D2 /* Synthie.entitlements */,
			);
			path = Synthie;
			sourceTree = "<group>";
		};
/* End PBXGroup section */

/* Begin PBXNativeTarget section */
		B7482D4320CC53F000EB637B /* PocketSynthie */ = {
			isa = PBXNativeTarget;
			buildConfigurationList = B7482D5320CC53F000EB637B /* Build configuration list for PBXNativeTarget "PocketSynthie" */;
			buildPhases = (
				B7482D4020CC53F000EB637B /* Sources */,
				B7482D4120CC53F000EB637B /* Frameworks */,
				B7482D4220CC53F000EB637B /* Resources */,
			);
			buildRules = (
			);
			dependencies = (
			);
			name = PocketSynthie;
			productName = PocketSynthie;
			productReference = B7482D4420CC53F000EB637B /* PocketSynthie.app */;
			productType = "com.apple.product-type.application";
		};
		B7482D9E20D21C8E00EB637B /* GeneratePcm */ = {
			isa = PBXNativeTarget;
			buildConfigurationList = B7482DA520D21C8E00EB637B /* Build configuration list for PBXNativeTarget "GeneratePcm" */;
			buildPhases = (
				B7482D9B20D21C8E00EB637B /* Sources */,
				B7482D9C20D21C8E00EB637B /* Frameworks */,
				B7482D9D20D21C8E00EB637B /* CopyFiles */,
			);
			buildRules = (
			);
			dependencies = (
			);
			name = GeneratePcm;
			productName = GeneratePcm;
			productReference = B7482D9F20D21C8E00EB637B /* GeneratePcm */;
			productType = "com.apple.product-type.tool";
		};
		B74F44E320C3BB3500E894D2 /* Synthie */ = {
			isa = PBXNativeTarget;
			buildConfigurationList = B74F44F420C3BB3500E894D2 /* Build configuration list for PBXNativeTarget "Synthie" */;
			buildPhases = (
				B74F44E020C3BB3500E894D2 /* Sources */,
				B74F44E120C3BB3500E894D2 /* Frameworks */,
				B74F44E220C3BB3500E894D2 /* Resources */,
			);
			buildRules = (
			);
			dependencies = (
			);
			name = Synthie;
			productName = Synthie;
			productReference = B74F44E420C3BB3500E894D2 /* Synthie.app */;
			productType = "com.apple.product-type.application";
		};
/* End PBXNativeTarget section */

/* Begin PBXProject section */
		B74F44DC20C3BB3500E894D2 /* Project object */ = {
			isa = PBXProject;
			attributes = {
				LastSwiftUpdateCheck = 0920;
				LastUpgradeCheck = 0920;
				ORGANIZATIONNAME = "Ussher Press";
				TargetAttributes = {
					B7482D4320CC53F000EB637B = {
						CreatedOnToolsVersion = 9.2;
						ProvisioningStyle = Automatic;
					};
					B7482D9E20D21C8E00EB637B = {
						CreatedOnToolsVersion = 9.2;
						ProvisioningStyle = Automatic;
					};
					B74F44E320C3BB3500E894D2 = {
						CreatedOnToolsVersion = 9.2;
						LastSwiftMigration = 0920;
						ProvisioningStyle = Automatic;
					};
				};
			};
			buildConfigurationList = B74F44DF20C3BB3500E894D2 /* Build configuration list for PBXProject "Synthie" */;
			compatibilityVersion = "Xcode 8.0";
			developmentRegion = en;
			hasScannedForEncodings = 0;
			knownRegions = (
				en,
				Base,
			);
			mainGroup = B74F44DB20C3BB3500E894D2;
			productRefGroup = B74F44E520C3BB3500E894D2 /* Products */;
			projectDirPath = "";
			projectRoot = "";
			targets = (
				B74F44E320C3BB3500E894D2 /* Synthie */,
				B7482D4320CC53F000EB637B /* PocketSynthie */,
				B7482D9E20D21C8E00EB637B /* GeneratePcm */,
			);
		};
/* End PBXProject section */

/* Begin PBXResourcesBuildPhase section */
		B7482D4220CC53F000EB637B /* Resources */ = {
			isa = PBXResourcesBuildPhase;
			buildActionMask = 2147483647;
			files = (
				B7482D5120CC53F000EB637B /* LaunchScreen.storyboard in Resources */,
				B7482D4E20CC53F000EB637B /* Assets.xcassets in Resources */,
				B7482D4C20CC53F000EB637B /* Main.storyboard in Resources */,
			);
			runOnlyForDeploymentPostprocessing = 0;
		};
		B74F44E220C3BB3500E894D2 /* Resources */ = {
			isa = PBXResourcesBuildPhase;
			buildActionMask = 2147483647;
			files = (
				B74F44EC20C3BB3500E894D2 /* Assets.xcassets in Resources */,
				B74F44EF20C3BB3500E894D2 /* Main.storyboard in Resources */,
			);
			runOnlyForDeploymentPostprocessing = 0;
		};
/* End PBXResourcesBuildPhase section */

/* Begin PBXSourcesBuildPhase section */
		B7482D4020CC53F000EB637B /* Sources */ = {
			isa = PBXSourcesBuildPhase;
			buildActionMask = 2147483647;
			files = (
				B7482D9A20D2156500EB637B /* AudioHAL.cpp in Sources */,
				B7482DB320D236D000EB637B /* songreader.cpp in Sources */,
				B7482D9820D2156400EB637B /* AudioEngineObjC.mm in Sources */,
				B7482DBC20D248EA00EB637B /* envelope.cpp in Sources */,
				B7482D4920CC53F000EB637B /* ViewController.swift in Sources */,
				B7482D8E20D2151B00EB637B /* SynthieHALUnit.cpp in Sources */,
				B7482D8820D2150900EB637B /* synthie.cpp in Sources */,
				B7482D8020D2150900EB637B /* oscillators.cpp in Sources */,
				B7482D4720CC53F000EB637B /* AppDelegate.swift in Sources */,
				B7482D9620D2156400EB637B /* AudioEngine.swift in Sources */,
				B7482DB520D236D000EB637B /* instrument.cpp in Sources */,
				B7482DB120D236D000EB637B /* synthesizer.cpp in Sources */,
			);
			runOnlyForDeploymentPostprocessing = 0;
		};
		B7482D9B20D21C8E00EB637B /* Sources */ = {
			isa = PBXSourcesBuildPhase;
			buildActionMask = 2147483647;
			files = (
				B7482DB620D237A500EB637B /* instrument.cpp in Sources */,
				B7482DB720D237A500EB637B /* songreader.cpp in Sources */,
				B7482DBD20D248EA00EB637B /* envelope.cpp in Sources */,
				B7482DB820D237A500EB637B /* synthesizer.cpp in Sources */,
				B7482DA720D21CBA00EB637B /* synthie.cpp in Sources */,
				B7482DA620D21CBA00EB637B /* oscillators.cpp in Sources */,
				B7482DA920D21D7500EB637B /* main.cpp in Sources */,
			);
			runOnlyForDeploymentPostprocessing = 0;
		};
		B74F44E020C3BB3500E894D2 /* Sources */ = {
			isa = PBXSourcesBuildPhase;
			buildActionMask = 2147483647;
			files = (
				B7482D9920D2156500EB637B /* AudioHAL.cpp in Sources */,
				B7482DB220D236D000EB637B /* songreader.cpp in Sources */,
				B7482D9720D2156400EB637B /* AudioEngineObjC.mm in Sources */,
				B7482DBB20D248EA00EB637B /* envelope.cpp in Sources */,
				B74F44EA20C3BB3500E894D2 /* ViewController.swift in Sources */,
				B7482D8D20D2151B00EB637B /* SynthieHALUnit.cpp in Sources */,
				B7482D8720D2150900EB637B /* synthie.cpp in Sources */,
				B7482D7F20D2150900EB637B /* oscillators.cpp in Sources */,
				B74F44E820C3BB3500E894D2 /* AppDelegate.swift in Sources */,
				B7482D9520D2156400EB637B /* AudioEngine.swift in Sources */,
				B7482DB420D236D000EB637B /* instrument.cpp in Sources */,
				B7482DB020D236D000EB637B /* synthesizer.cpp in Sources */,
			);
			runOnlyForDeploymentPostprocessing = 0;
		};
/* End PBXSourcesBuildPhase section */

/* Begin PBXVariantGroup section */
		B7482D4A20CC53F000EB637B /* Main.storyboard */ = {
			isa = PBXVariantGroup;
			children = (
				B7482D4B20CC53F000EB637B /* Base */,
			);
			name = Main.storyboard;
			sourceTree = "<group>";
		};
		B7482D4F20CC53F000EB637B /* LaunchScreen.storyboard */ = {
			isa = PBXVariantGroup;
			children = (
				B7482D5020CC53F000EB637B /* Base */,
			);
			name = LaunchScreen.storyboard;
			sourceTree = "<group>";
		};
		B74F44ED20C3BB3500E894D2 /* Main.storyboard */ = {
			isa = PBXVariantGroup;
			children = (
				B74F44EE20C3BB3500E894D2 /* Base */,
			);
			name = Main.storyboard;
			sourceTree = "<group>";
		};
/* End PBXVariantGroup section */

/* Begin XCBuildConfiguration section */
		B7482D5420CC53F000EB637B /* Debug */ = {
			isa = XCBuildConfiguration;
			buildSettings = {
				ASSETCATALOG_COMPILER_APPICON_NAME = AppIcon;
				CODE_SIGN_IDENTITY = "iPhone Developer";
				CODE_SIGN_STYLE = Automatic;
				DEVELOPMENT_TEAM = NQ4H433LH4;
				INFOPLIST_FILE = PocketSynthie/Info.plist;
				IPHONEOS_DEPLOYMENT_TARGET = 11.2;
				LD_RUNPATH_SEARCH_PATHS = "$(inherited) @executable_path/Frameworks";
				PRODUCT_BUNDLE_IDENTIFIER = com.ussherpress.PocketSynthie;
				PRODUCT_NAME = "$(TARGET_NAME)";
				SDKROOT = iphoneos;
				SWIFT_OBJC_BRIDGING_HEADER = "Synthie/Synthie-Bridging-Header.h";
				SWIFT_VERSION = 4.0;
				TARGETED_DEVICE_FAMILY = "1,2";
			};
			name = Debug;
		};
		B7482D5520CC53F000EB637B /* Release */ = {
			isa = XCBuildConfiguration;
			buildSettings = {
				ASSETCATALOG_COMPILER_APPICON_NAME = AppIcon;
				CODE_SIGN_IDENTITY = "iPhone Developer";
				CODE_SIGN_STYLE = Automatic;
				DEVELOPMENT_TEAM = NQ4H433LH4;
				INFOPLIST_FILE = PocketSynthie/Info.plist;
				IPHONEOS_DEPLOYMENT_TARGET = 11.2;
				LD_RUNPATH_SEARCH_PATHS = "$(inherited) @executable_path/Frameworks";
				PRODUCT_BUNDLE_IDENTIFIER = com.ussherpress.PocketSynthie;
				PRODUCT_NAME = "$(TARGET_NAME)";
				SDKROOT = iphoneos;
				SWIFT_OBJC_BRIDGING_HEADER = "Synthie/Synthie-Bridging-Header.h";
				SWIFT_VERSION = 4.0;
				TARGETED_DEVICE_FAMILY = "1,2";
				VALIDATE_PRODUCT = YES;
			};
			name = Release;
		};
		B7482DA320D21C8E00EB637B /* Debug */ = {
			isa = XCBuildConfiguration;
			buildSettings = {
				CODE_SIGN_STYLE = Automatic;
				DEVELOPMENT_TEAM = NQ4H433LH4;
				PRODUCT_NAME = "$(TARGET_NAME)";
			};
			name = Debug;
		};
		B7482DA420D21C8E00EB637B /* Release */ = {
			isa = XCBuildConfiguration;
			buildSettings = {
				CODE_SIGN_STYLE = Automatic;
				DEVELOPMENT_TEAM = NQ4H433LH4;
				PRODUCT_NAME = "$(TARGET_NAME)";
			};
			name = Release;
		};
		B74F44F220C3BB3500E894D2 /* Debug */ = {
			isa = XCBuildConfiguration;
			buildSettings = {
				ALWAYS_SEARCH_USER_PATHS = NO;
				CLANG_ANALYZER_NONNULL = YES;
				CLANG_ANALYZER_NUMBER_OBJECT_CONVERSION = YES_AGGRESSIVE;
				CLANG_CXX_LANGUAGE_STANDARD = "gnu++14";
				CLANG_CXX_LIBRARY = "libc++";
				CLANG_ENABLE_MODULES = YES;
				CLANG_ENABLE_OBJC_ARC = YES;
				CLANG_WARN_BLOCK_CAPTURE_AUTORELEASING = YES;
				CLANG_WARN_BOOL_CONVERSION = YES;
				CLANG_WARN_COMMA = YES;
				CLANG_WARN_CONSTANT_CONVERSION = YES;
				CLANG_WARN_DIRECT_OBJC_ISA_USAGE = YES_ERROR;
				CLANG_WARN_DOCUMENTATION_COMMENTS = YES;
				CLANG_WARN_EMPTY_BODY = YES;
				CLANG_WARN_ENUM_CONVERSION = YES;
				CLANG_WARN_INFINITE_RECURSION = YES;
				CLANG_WARN_INT_CONVERSION = YES;
				CLANG_WARN_NON_LITERAL_NULL_CONVERSION = YES;
				CLANG_WARN_OBJC_LITERAL_CONVERSION = YES;
				CLANG_WARN_OBJC_ROOT_CLASS = YES_ERROR;
				CLANG_WARN_RANGE_LOOP_ANALYSIS = YES;
				CLANG_WARN_STRICT_PROTOTYPES = YES;
				CLANG_WARN_SUSPICIOUS_MOVE = YES;
				CLANG_WARN_UNGUARDED_AVAILABILITY = YES_AGGRESSIVE;
				CLANG_WARN_UNREACHABLE_CODE = YES;
				CLANG_WARN__DUPLICATE_METHOD_MATCH = YES;
				CODE_SIGN_IDENTITY = "Mac Developer";
				COPY_PHASE_STRIP = NO;
				DEBUG_INFORMATION_FORMAT = dwarf;
				ENABLE_STRICT_OBJC_MSGSEND = YES;
				ENABLE_TESTABILITY = YES;
				GCC_C_LANGUAGE_STANDARD = gnu11;
				GCC_DYNAMIC_NO_PIC = NO;
				GCC_NO_COMMON_BLOCKS = YES;
				GCC_OPTIMIZATION_LEVEL = 0;
				GCC_PREPROCESSOR_DEFINITIONS = (
					"DEBUG=1",
					"$(inherited)",
				);
				GCC_WARN_64_TO_32_BIT_CONVERSION = YES;
				GCC_WARN_ABOUT_RETURN_TYPE = YES_ERROR;
				GCC_WARN_UNDECLARED_SELECTOR = YES;
				GCC_WARN_UNINITIALIZED_AUTOS = YES_AGGRESSIVE;
				GCC_WARN_UNUSED_FUNCTION = YES;
				GCC_WARN_UNUSED_VARIABLE = YES;
				MACOSX_DEPLOYMENT_TARGET = 10.12;
				MTL_ENABLE_DEBUG_INFO = YES;
				ONLY_ACTIVE_ARCH = YES;
				SDKROOT = macosx;
				SWIFT_ACTIVE_COMPILATION_CONDITIONS = DEBUG;
				SWIFT_OPTIMIZATION_LEVEL = "-Onone";
			};
			name = Debug;
		};
		B74F44F320C3BB3500E894D2 /* Release */ = {
			isa = XCBuildConfiguration;
			buildSettings = {
				ALWAYS_SEARCH_USER_PATHS = NO;
				CLANG_ANALYZER_NONNULL = YES;
				CLANG_ANALYZER_NUMBER_OBJECT_CONVERSION = YES_AGGRESSIVE;
				CLANG_CXX_LANGUAGE_STANDARD = "gnu++14";
				CLANG_CXX_LIBRARY = "libc++";
				CLANG_ENABLE_MODULES = YES;
				CLANG_ENABLE_OBJC_ARC = YES;
				CLANG_WARN_BLOCK_CAPTURE_AUTORELEASING = YES;
				CLANG_WARN_BOOL_CONVERSION = YES;
				CLANG_WARN_COMMA = YES;
				CLANG_WARN_CONSTANT_CONVERSION = YES;
				CLANG_WARN_DIRECT_OBJC_ISA_USAGE = YES_ERROR;
				CLANG_WARN_DOCUMENTATION_COMMENTS = YES;
				CLANG_WARN_EMPTY_BODY = YES;
				CLANG_WARN_ENUM_CONVERSION = YES;
				CLANG_WARN_INFINITE_RECURSION = YES;
				CLANG_WARN_INT_CONVERSION = YES;
				CLANG_WARN_NON_LITERAL_NULL_CONVERSION = YES;
				CLANG_WARN_OBJC_LITERAL_CONVERSION = YES;
				CLANG_WARN_OBJC_ROOT_CLASS = YES_ERROR;
				CLANG_WARN_RANGE_LOOP_ANALYSIS = YES;
				CLANG_WARN_STRICT_PROTOTYPES = YES;
				CLANG_WARN_SUSPICIOUS_MOVE = YES;
				CLANG_WARN_UNGUARDED_AVAILABILITY = YES_AGGRESSIVE;
				CLANG_WARN_UNREACHABLE_CODE = YES;
				CLANG_WARN__DUPLICATE_METHOD_MATCH = YES;
				CODE_SIGN_IDENTITY = "Mac Developer";
				COPY_PHASE_STRIP = NO;
				DEBUG_INFORMATION_FORMAT = "dwarf-with-dsym";
				ENABLE_NS_ASSERTIONS = NO;
				ENABLE_STRICT_OBJC_MSGSEND = YES;
				GCC_C_LANGUAGE_STANDARD = gnu11;
				GCC_NO_COMMON_BLOCKS = YES;
				GCC_WARN_64_TO_32_BIT_CONVERSION = YES;
				GCC_WARN_ABOUT_RETURN_TYPE = YES_ERROR;
				GCC_WARN_UNDECLARED_SELECTOR = YES;
				GCC_WARN_UNINITIALIZED_AUTOS = YES_AGGRESSIVE;
				GCC_WARN_UNUSED_FUNCTION = YES;
				GCC_WARN_UNUSED_VARIABLE = YES;
				MACOSX_DEPLOYMENT_TARGET = 10.12;
				MTL_ENABLE_DEBUG_INFO = NO;
				SDKROOT = macosx;
				SWIFT_OPTIMIZATION_LEVEL = "-Owholemodule";
			};
			name = Release;
		};
		B74F44F520C3BB3500E894D2 /* Debug */ = {
			isa = XCBuildConfiguration;
			buildSettings = {
				ASSETCATALOG_COMPILER_APPICON_NAME = AppIcon;
				CLANG_ENABLE_MODULES = YES;
				CODE_SIGN_ENTITLEMENTS = Synthie/Synthie.entitlements;
				CODE_SIGN_STYLE = Automatic;
				COMBINE_HIDPI_IMAGES = YES;
				DEVELOPMENT_TEAM = NQ4H433LH4;
				INFOPLIST_FILE = Synthie/Info.plist;
				LD_RUNPATH_SEARCH_PATHS = "$(inherited) @executable_path/../Frameworks";
				PRODUCT_BUNDLE_IDENTIFIER = com.ussherpress.Synthie;
				PRODUCT_NAME = "$(TARGET_NAME)";
				SWIFT_OBJC_BRIDGING_HEADER = "Synthie/Synthie-Bridging-Header.h";
				SWIFT_OPTIMIZATION_LEVEL = "-Onone";
				SWIFT_VERSION = 4.0;
			};
			name = Debug;
		};
		B74F44F620C3BB3500E894D2 /* Release */ = {
			isa = XCBuildConfiguration;
			buildSettings = {
				ASSETCATALOG_COMPILER_APPICON_NAME = AppIcon;
				CLANG_ENABLE_MODULES = YES;
				CODE_SIGN_ENTITLEMENTS = Synthie/Synthie.entitlements;
				CODE_SIGN_STYLE = Automatic;
				COMBINE_HIDPI_IMAGES = YES;
				DEVELOPMENT_TEAM = NQ4H433LH4;
				INFOPLIST_FILE = Synthie/Info.plist;
				LD_RUNPATH_SEARCH_PATHS = "$(inherited) @executable_path/../Frameworks";
				PRODUCT_BUNDLE_IDENTIFIER = com.ussherpress.Synthie;
				PRODUCT_NAME = "$(TARGET_NAME)";
				SWIFT_OBJC_BRIDGING_HEADER = "Synthie/Synthie-Bridging-Header.h";
				SWIFT_VERSION = 4.0;
			};
			name = Release;
		};
/* End XCBuildConfiguration section */

/* Begin XCConfigurationList section */
		B7482D5320CC53F000EB637B /* Build configuration list for PBXNativeTarget "PocketSynthie" */ = {
			isa = XCConfigurationList;
			buildConfigurations = (
				B7482D5420CC53F000EB637B /* Debug */,
				B7482D5520CC53F000EB637B /* Release */,
			);
			defaultConfigurationIsVisible = 0;
			defaultConfigurationName = Release;
		};
		B7482DA520D21C8E00EB637B /* Build configuration list for PBXNativeTarget "GeneratePcm" */ = {
			isa = XCConfigurationList;
			buildConfigurations = (
				B7482DA320D21C8E00EB637B /* Debug */,
				B7482DA420D21C8E00EB637B /* Release */,
			);
			defaultConfigurationIsVisible = 0;
			defaultConfigurationName = Release;
		};
		B74F44DF20C3BB3500E894D2 /* Build configuration list for PBXProject "Synthie" */ = {
			isa = XCConfigurationList;
			buildConfigurations = (
				B74F44F220C3BB3500E894D2 /* Debug */,
				B74F44F320C3BB3500E894D2 /* Release */,
			);
			defaultConfigurationIsVisible = 0;
			defaultConfigurationName = Release;
		};
		B74F44F420C3BB3500E894D2 /* Build configuration list for PBXNativeTarget "Synthie" */ = {
			isa = XCConfigurationList;
			buildConfigurations = (
				B74F44F520C3BB3500E894D2 /* Debug */,
				B74F44F620C3BB3500E894D2 /* Release */,
			);
			defaultConfigurationIsVisible = 0;
			defaultConfigurationName = Release;
		};
/* End XCConfigurationList section */
	};
	rootObject = B74F44DC20C3BB3500E894D2 /* Project object */;
}
